
Microsoft Visual Studio Solution File, Format Version 12.00
# Visual Studio Version 17
VisualStudioVersion = 17.1.32421.90
MinimumVisualStudioVersion = 10.0.40219.1
Project("{FAE04EC0-301F-11D3-BF4B-00C04F79EFBC}") = "ModalityWorkList", "ModalityWorkList\ModalityWorkList.csproj", "{4848D3F2-FEB7-4FA5-8B20-6EA39BD69035}"
EndProject
Project("{FAE04EC0-301F-11D3-BF4B-00C04F79EFBC}") = "Testing", "Testing\Testing.csproj", "{F420F3E6-787F-4DEF-A241-19D12F2CD2B3}"
EndProject
Global
	GlobalSection(SolutionConfigurationPlatforms) = preSolution
		Debug|Any CPU = Debug|Any CPU
		Release|Any CPU = Release|Any CPU
	EndGlobalSection
	GlobalSection(ProjectConfigurationPlatforms) = postSolution
		{4848D3F2-FEB7-4FA5-8B20-6EA39BD69035}.Debug|Any CPU.ActiveCfg = Debug|Any CPU
		{4848D3F2-FEB7-4FA5-8B20-6EA39BD69035}.Debug|Any CPU.Build.0 = Debug|Any CPU
		{4848D3F2-FEB7-4FA5-8B20-6EA39BD69035}.Release|Any CPU.ActiveCfg = Release|Any CPU
		{4848D3F2-FEB7-4FA5-8B20-6EA39BD69035}.Release|Any CPU.Build.0 = Release|Any CPU
		{F420F3E6-787F-4DEF-A241-19D12F2CD2B3}.Debug|Any CPU.ActiveCfg = Debug|Any CPU
		{F420F3E6-787F-4DEF-A241-19D12F2CD2B3}.Debug|Any CPU.Build.0 = Debug|Any CPU
		{F420F3E6-787F-4DEF-A241-19D12F2CD2B3}.Release|Any CPU.ActiveCfg = Release|Any CPU
		{F420F3E6-787F-4DEF-A241-19D12F2CD2B3}.Release|Any CPU.Build.0 = Release|Any CPU
	EndGlobalSection
	GlobalSection(SolutionProperties) = preSolution
		HideSolutionNode = FALSE
	EndGlobalSection
	GlobalSection(ExtensibilityGlobals) = postSolution
		SolutionGuid = {F11AF84D-0641-43F6-9231-74C840E0D302}
	EndGlobalSection
EndGlobal
